// !$*UTF8*$!
{
	archiveVersion = 1;
	classes = {
	};
	objectVersion = 56;
	objects = {

/* Begin PBXBuildFile section */
		E338B1C629D4B93900B29466 /* AppDelegate.swift in Sources */ = {isa = PBXBuildFile; fileRef = E338B1C529D4B93900B29466 /* AppDelegate.swift */; };
		E338B1C829D4B93900B29466 /* SceneDelegate.swift in Sources */ = {isa = PBXBuildFile; fileRef = E338B1C729D4B93900B29466 /* SceneDelegate.swift */; };
		E338B1CA29D4B93900B29466 /* ViewController.swift in Sources */ = {isa = PBXBuildFile; fileRef = E338B1C929D4B93900B29466 /* ViewController.swift */; };
		E338B1CD29D4B93900B29466 /* Main.storyboard in Resources */ = {isa = PBXBuildFile; fileRef = E338B1CB29D4B93900B29466 /* Main.storyboard */; };
		E338B1CF29D4B93A00B29466 /* Assets.xcassets in Resources */ = {isa = PBXBuildFile; fileRef = E338B1CE29D4B93A00B29466 /* Assets.xcassets */; };
		E338B1D229D4B93A00B29466 /* LaunchScreen.storyboard in Resources */ = {isa = PBXBuildFile; fileRef = E338B1D029D4B93A00B29466 /* LaunchScreen.storyboard */; };
/* End PBXBuildFile section */

/* Begin PBXFileReference section */
		E338B1C229D4B93900B29466 /* AppPruebaGrupoSalinas.app */ = {isa = PBXFileReference; explicitFileType = wrapper.application; includeInIndex = 0; path = AppPruebaGrupoSalinas.app; sourceTree = BUILT_PRODUCTS_DIR; };
		E338B1C529D4B93900B29466 /* AppDelegate.swift */ = {isa = PBXFileReference; lastKnownFileType = sourcecode.swift; path = AppDelegate.swift; sourceTree = "<group>"; };
		E338B1C729D4B93900B29466 /* SceneDelegate.swift */ = {isa = PBXFileReference; lastKnownFileType = sourcecode.swift; path = SceneDelegate.swift; sourceTree = "<group>"; };
		E338B1C929D4B93900B29466 /* ViewController.swift */ = {isa = PBXFileReference; lastKnownFileType = sourcecode.swift; path = ViewController.swift; sourceTree = "<group>"; };
		E338B1CC29D4B93900B29466 /* Base */ = {isa = PBXFileReference; lastKnownFileType = file.storyboard; name = Base; path = Base.lproj/Main.storyboard; sourceTree = "<group>"; };
		E338B1CE29D4B93A00B29466 /* Assets.xcassets */ = {isa = PBXFileReference; lastKnownFileType = folder.assetcatalog; path = Assets.xcassets; sourceTree = "<group>"; };
		E338B1D129D4B93A00B29466 /* Base */ = {isa = PBXFileReference; lastKnownFileType = file.storyboard; name = Base; path = Base.lproj/LaunchScreen.storyboard; sourceTree = "<group>"; };
		E338B1D329D4B93A00B29466 /* Info.plist */ = {isa = PBXFileReference; lastKnownFileType = text.plist.xml; path = Info.plist; sourceTree = "<group>"; };
/* End PBXFileReference section */

/* Begin PBXFrameworksBuildPhase section */
		E338B1BF29D4B93900B29466 /* Frameworks */ = {
			isa = PBXFrameworksBuildPhase;
			buildActionMask = 2147483647;
			files = (
			);
			runOnlyForDeploymentPostprocessing = 0;
		};
/* End PBXFrameworksBuildPhase section */

/* Begin PBXGroup section */
		E338B1B929D4B93900B29466 = {
			isa = PBXGroup;
			children = (
				E338B1C429D4B93900B29466 /* AppPruebaGrupoSalinas */,
				E338B1C329D4B93900B29466 /* Products */,
			);
			sourceTree = "<group>";
		};
		E338B1C329D4B93900B29466 /* Products */ = {
			isa = PBXGroup;
			children = (
				E338B1C229D4B93900B29466 /* AppPruebaGrupoSalinas.app */,
			);
			name = Products;
			sourceTree = "<group>";
		};
		E338B1C429D4B93900B29466 /* AppPruebaGrupoSalinas */ = {
			isa = PBXGroup;
			children = (
				E338B1DB29D4B95B00B29466 /* Controller */,
				E338B1DA29D4B95000B29466 /* View */,
				E338B1D929D4B94500B29466 /* Model */,
				E338B1C529D4B93900B29466 /* AppDelegate.swift */,
				E338B1C729D4B93900B29466 /* SceneDelegate.swift */,
				E338B1CE29D4B93A00B29466 /* Assets.xcassets */,
				E338B1D029D4B93A00B29466 /* LaunchScreen.storyboard */,
				E338B1D329D4B93A00B29466 /* Info.plist */,
			);
			path = AppPruebaGrupoSalinas;
			sourceTree = "<group>";
		};
		E338B1D929D4B94500B29466 /* Model */ = {
			isa = PBXGroup;
			children = (
			);
			path = Model;
			sourceTree = "<group>";
		};
		E338B1DA29D4B95000B29466 /* View */ = {
			isa = PBXGroup;
			children = (
				E338B1CB29D4B93900B29466 /* Main.storyboard */,
			);
			path = View;
			sourceTree = "<group>";
		};
		E338B1DB29D4B95B00B29466 /* Controller */ = {
			isa = PBXGroup;
			children = (
				E338B1C929D4B93900B29466 /* ViewController.swift */,
			);
			path = Controller;
			sourceTree = "<group>";
		};
/* End PBXGroup section */

/* Begin PBXNativeTarget section */
		E338B1C129D4B93900B29466 /* AppPruebaGrupoSalinas */ = {
			isa = PBXNativeTarget;
			buildConfigurationList = E338B1D629D4B93A00B29466 /* Build configuration list for PBXNativeTarget "AppPruebaGrupoSalinas" */;
			buildPhases = (
				E338B1BE29D4B93900B29466 /* Sources */,
				E338B1BF29D4B93900B29466 /* Frameworks */,
				E338B1C029D4B93900B29466 /* Resources */,
			);
			buildRules = (
			);
			dependencies = (
			);
			name = AppPruebaGrupoSalinas;
			productName = AppPruebaGrupoSalinas;
			productReference = E338B1C229D4B93900B29466 /* AppPruebaGrupoSalinas.app */;
			productType = "com.apple.product-type.application";
		};
/* End PBXNativeTarget section */

/* Begin PBXProject section */
		E338B1BA29D4B93900B29466 /* Project object */ = {
			isa = PBXProject;
			attributes = {
				BuildIndependentTargetsInParallel = 1;
				LastSwiftUpdateCheck = 1410;
				LastUpgradeCheck = 1410;
				TargetAttributes = {
					E338B1C129D4B93900B29466 = {
						CreatedOnToolsVersion = 14.1;
					};
				};
			};
			buildConfigurationList = E338B1BD29D4B93900B29466 /* Build configuration list for PBXProject "AppPruebaGrupoSalinas" */;
			compatibilityVersion = "Xcode 14.0";
			developmentRegion = en;
			hasScannedForEncodings = 0;
			knownRegions = (
				en,
				Base,
			);
			mainGroup = E338B1B929D4B93900B29466;
			productRefGroup = E338B1C329D4B93900B29466 /* Products */;
			projectDirPath = "";
			projectRoot = "";
			targets = (
				E338B1C129D4B93900B29466 /* AppPruebaGrupoSalinas */,
			);
		};
/* End PBXProject section */

/* Begin PBXResourcesBuildPhase section */
		E338B1C029D4B93900B29466 /* Resources */ = {
			isa = PBXResourcesBuildPhase;
			buildActionMask = 2147483647;
			files = (
				E338B1D229D4B93A00B29466 /* LaunchScreen.storyboard in Resources */,
				E338B1CF29D4B93A00B29466 /* Assets.xcassets in Resources */,
				E338B1CD29D4B93900B29466 /* Main.storyboard in Resources */,
			);
			runOnlyForDeploymentPostprocessing = 0;
		};
/* End PBXResourcesBuildPhase section */

/* Begin PBXSourcesBuildPhase section */
		E338B1BE29D4B93900B29466 /* Sources */ = {
			isa = PBXSourcesBuildPhase;
			buildActionMask = 2147483647;
			files = (
				E338B1CA29D4B93900B29466 /* ViewController.swift in Sources */,
				E338B1C629D4B93900B29466 /* AppDelegate.swift in Sources */,
				E338B1C829D4B93900B29466 /* SceneDelegate.swift in Sources */,
			);
			runOnlyForDeploymentPostprocessing = 0;
		};
/* End PBXSourcesBuildPhase section */

/* Begin PBXVariantGroup section */
		E338B1CB29D4B93900B29466 /* Main.storyboard */ = {
			isa = PBXVariantGroup;
			children = (
				E338B1CC29D4B93900B29466 /* Base */,
			);
			name = Main.storyboard;
			sourceTree = "<group>";
		};
		E338B1D029D4B93A00B29466 /* LaunchScreen.storyboard */ = {
			isa = PBXVariantGroup;
			children = (
				E338B1D129D4B93A00B29466 /* Base */,
			);
			name = LaunchScreen.storyboard;
			sourceTree = "<group>";
		};
/* End PBXVariantGroup section */

/* Begin XCBuildConfiguration section */
		E338B1D429D4B93A00B29466 /* Debug */ = {
			isa = XCBuildConfiguration;
			buildSettings = {
				ALWAYS_SEARCH_USER_PATHS = NO;
				CLANG_ANALYZER_NONNULL = YES;
				CLANG_ANALYZER_NUMBER_OBJECT_CONVERSION = YES_AGGRESSIVE;
				CLANG_CXX_LANGUAGE_STANDARD = "gnu++20";
				CLANG_ENABLE_MODULES = YES;
				CLANG_ENABLE_OBJC_ARC = YES;
				CLANG_ENABLE_OBJC_WEAK = YES;
				CLANG_WARN_BLOCK_CAPTURE_AUTORELEASING = YES;
				CLANG_WARN_BOOL_CONVERSION = YES;
				CLANG_WARN_COMMA = YES;
				CLANG_WARN_CONSTANT_CONVERSION = YES;
				CLANG_WARN_DEPRECATED_OBJC_IMPLEMENTATIONS = YES;
				CLANG_WARN_DIRECT_OBJC_ISA_USAGE = YES_ERROR;
				CLANG_WARN_DOCUMENTATION_COMMENTS = YES;
				CLANG_WARN_EMPTY_BODY = YES;
				CLANG_WARN_ENUM_CONVERSION = YES;
				CLANG_WARN_INFINITE_RECURSION = YES;
				CLANG_WARN_INT_CONVERSION = YES;
				CLANG_WARN_NON_LITERAL_NULL_CONVERSION = YES;
				CLANG_WARN_OBJC_IMPLICIT_RETAIN_SELF = YES;
				CLANG_WARN_OBJC_LITERAL_CONVERSION = YES;
				CLANG_WARN_OBJC_ROOT_CLASS = YES_ERROR;
				CLANG_WARN_QUOTED_INCLUDE_IN_FRAMEWORK_HEADER = YES;
				CLANG_WARN_RANGE_LOOP_ANALYSIS = YES;
				CLANG_WARN_STRICT_PROTOTYPES = YES;
				CLANG_WARN_SUSPICIOUS_MOVE = YES;
				CLANG_WARN_UNGUARDED_AVAILABILITY = YES_AGGRESSIVE;
				CLANG_WARN_UNREACHABLE_CODE = YES;
				CLANG_WARN__DUPLICATE_METHOD_MATCH = YES;
				COPY_PHASE_STRIP = NO;
				DEBUG_INFORMATION_FORMAT = dwarf;
				ENABLE_STRICT_OBJC_MSGSEND = YES;
				ENABLE_TESTABILITY = YES;
				GCC_C_LANGUAGE_STANDARD = gnu11;
				GCC_DYNAMIC_NO_PIC = NO;
				GCC_NO_COMMON_BLOCKS = YES;
				GCC_OPTIMIZATION_LEVEL = 0;
				GCC_PREPROCESSOR_DEFINITIONS = (
					"DEBUG=1",
					"$(inherited)",
				);
				GCC_WARN_64_TO_32_BIT_CONVERSION = YES;
				GCC_WARN_ABOUT_RETURN_TYPE = YES_ERROR;
				GCC_WARN_UNDECLARED_SELECTOR = YES;
				GCC_WARN_UNINITIALIZED_AUTOS = YES_AGGRESSIVE;
				GCC_WARN_UNUSED_FUNCTION = YES;
				GCC_WARN_UNUSED_VARIABLE = YES;
				IPHONEOS_DEPLOYMENT_TARGET = 16.1;
				MTL_ENABLE_DEBUG_INFO = INCLUDE_SOURCE;
				MTL_FAST_MATH = YES;
				ONLY_ACTIVE_ARCH = YES;
				SDKROOT = iphoneos;
				SWIFT_ACTIVE_COMPILATION_CONDITIONS = DEBUG;
				SWIFT_OPTIMIZATION_LEVEL = "-Onone";
			};
			name = Debug;
		};
		E338B1D529D4B93A00B29466 /* Release */ = {
			isa = XCBuildConfiguration;
			buildSettings = {
				ALWAYS_SEARCH_USER_PATHS = NO;
				CLANG_ANALYZER_NONNULL = YES;
				CLANG_ANALYZER_NUMBER_OBJECT_CONVERSION = YES_AGGRESSIVE;
				CLANG_CXX_LANGUAGE_STANDARD = "gnu++20";
				CLANG_ENABLE_MODULES = YES;
				CLANG_ENABLE_OBJC_ARC = YES;
				CLANG_ENABLE_OBJC_WEAK = YES;
				CLANG_WARN_BLOCK_CAPTURE_AUTORELEASING = YES;
				CLANG_WARN_BOOL_CONVERSION = YES;
				CLANG_WARN_COMMA = YES;
				CLANG_WARN_CONSTANT_CONVERSION = YES;
				CLANG_WARN_DEPRECATED_OBJC_IMPLEMENTATIONS = YES;
				CLANG_WARN_DIRECT_OBJC_ISA_USAGE = YES_ERROR;
				CLANG_WARN_DOCUMENTATION_COMMENTS = YES;
				CLANG_WARN_EMPTY_BODY = YES;
				CLANG_WARN_ENUM_CONVERSION = YES;
				CLANG_WARN_INFINITE_RECURSION = YES;
				CLANG_WARN_INT_CONVERSION = YES;
				CLANG_WARN_NON_LITERAL_NULL_CONVERSION = YES;
				CLANG_WARN_OBJC_IMPLICIT_RETAIN_SELF = YES;
				CLANG_WARN_OBJC_LITERAL_CONVERSION = YES;
				CLANG_WARN_OBJC_ROOT_CLASS = YES_ERROR;
				CLANG_WARN_QUOTED_INCLUDE_IN_FRAMEWORK_HEADER = YES;
				CLANG_WARN_RANGE_LOOP_ANALYSIS = YES;
				CLANG_WARN_STRICT_PROTOTYPES = YES;
				CLANG_WARN_SUSPICIOUS_MOVE = YES;
				CLANG_WARN_UNGUARDED_AVAILABILITY = YES_AGGRESSIVE;
				CLANG_WARN_UNREACHABLE_CODE = YES;
				CLANG_WARN__DUPLICATE_METHOD_MATCH = YES;
				COPY_PHASE_STRIP = NO;
				DEBUG_INFORMATION_FORMAT = "dwarf-with-dsym";
				ENABLE_NS_ASSERTIONS = NO;
				ENABLE_STRICT_OBJC_MSGSEND = YES;
				GCC_C_LANGUAGE_STANDARD = gnu11;
				GCC_NO_COMMON_BLOCKS = YES;
				GCC_WARN_64_TO_32_BIT_CONVERSION = YES;
				GCC_WARN_ABOUT_RETURN_TYPE = YES_ERROR;
				GCC_WARN_UNDECLARED_SELECTOR = YES;
				GCC_WARN_UNINITIALIZED_AUTOS = YES_AGGRESSIVE;
				GCC_WARN_UNUSED_FUNCTION = YES;
				GCC_WARN_UNUSED_VARIABLE = YES;
				IPHONEOS_DEPLOYMENT_TARGET = 16.1;
				MTL_ENABLE_DEBUG_INFO = NO;
				MTL_FAST_MATH = YES;
				SDKROOT = iphoneos;
				SWIFT_COMPILATION_MODE = wholemodule;
				SWIFT_OPTIMIZATION_LEVEL = "-O";
				VALIDATE_PRODUCT = YES;
			};
			name = Release;
		};
		E338B1D729D4B93A00B29466 /* Debug */ = {
			isa = XCBuildConfiguration;
			buildSettings = {
				ASSETCATALOG_COMPILER_APPICON_NAME = AppIcon;
				ASSETCATALOG_COMPILER_GLOBAL_ACCENT_COLOR_NAME = AccentColor;
				CODE_SIGN_STYLE = Automatic;
				CURRENT_PROJECT_VERSION = 1;
				DEVELOPMENT_TEAM = 8LAT49JHA2;
				GENERATE_INFOPLIST_FILE = YES;
				INFOPLIST_FILE = AppPruebaGrupoSalinas/Info.plist;
				INFOPLIST_KEY_UIApplicationSupportsIndirectInputEvents = YES;
				INFOPLIST_KEY_UILaunchStoryboardName = LaunchScreen;
				INFOPLIST_KEY_UIMainStoryboardFile = Main;
				INFOPLIST_KEY_UISupportedInterfaceOrientations_iPad = "UIInterfaceOrientationPortrait UIInterfaceOrientationPortraitUpsideDown UIInterfaceOrientationLandscapeLeft UIInterfaceOrientationLandscapeRight";
				INFOPLIST_KEY_UISupportedInterfaceOrientations_iPhone = "UIInterfaceOrientationPortrait UIInterfaceOrientationLandscapeLeft UIInterfaceOrientationLandscapeRight";
				LD_RUNPATH_SEARCH_PATHS = (
					"$(inherited)",
					"@executable_path/Frameworks",
				);
				MARKETING_VERSION = 1.0;
				PRODUCT_BUNDLE_IDENTIFIER = com.digis.AppPruebaGrupoSalinas;
				PRODUCT_NAME = "$(TARGET_NAME)";
				SWIFT_EMIT_LOC_STRINGS = YES;
				SWIFT_VERSION = 5.0;
				TARGETED_DEVICE_FAMILY = "1,2";
			};
			name = Debug;
		};
		E338B1D829D4B93A00B29466 /* Release */ = {
			isa = XCBuildConfiguration;
			buildSettings = {
				ASSETCATALOG_COMPILER_APPICON_NAME = AppIcon;
				ASSETCATALOG_COMPILER_GLOBAL_ACCENT_COLOR_NAME = AccentColor;
				CODE_SIGN_STYLE = Automatic;
				CURRENT_PROJECT_VERSION = 1;
				DEVELOPMENT_TEAM = 8LAT49JHA2;
				GENERATE_INFOPLIST_FILE = YES;
				INFOPLIST_FILE = AppPruebaGrupoSalinas/Info.plist;
				INFOPLIST_KEY_UIApplicationSupportsIndirectInputEvents = YES;
				INFOPLIST_KEY_UILaunchStoryboardName = LaunchScreen;
				INFOPLIST_KEY_UIMainStoryboardFile = Main;
				INFOPLIST_KEY_UISupportedInterfaceOrientations_iPad = "UIInterfaceOrientationPortrait UIInterfaceOrientationPortraitUpsideDown UIInterfaceOrientationLandscapeLeft UIInterfaceOrientationLandscapeRight";
				INFOPLIST_KEY_UISupportedInterfaceOrientations_iPhone = "UIInterfaceOrientationPortrait UIInterfaceOrientationLandscapeLeft UIInterfaceOrientationLandscapeRight";
				LD_RUNPATH_SEARCH_PATHS = (
					"$(inherited)",
					"@executable_path/Frameworks",
				);
				MARKETING_VERSION = 1.0;
				PRODUCT_BUNDLE_IDENTIFIER = com.digis.AppPruebaGrupoSalinas;
				PRODUCT_NAME = "$(TARGET_NAME)";
				SWIFT_EMIT_LOC_STRINGS = YES;
				SWIFT_VERSION = 5.0;
				TARGETED_DEVICE_FAMILY = "1,2";
			};
			name = Release;
		};
/* End XCBuildConfiguration section */

/* Begin XCConfigurationList section */
		E338B1BD29D4B93900B29466 /* Build configuration list for PBXProject "AppPruebaGrupoSalinas" */ = {
			isa = XCConfigurationList;
			buildConfigurations = (
				E338B1D429D4B93A00B29466 /* Debug */,
				E338B1D529D4B93A00B29466 /* Release */,
			);
			defaultConfigurationIsVisible = 0;
			defaultConfigurationName = Release;
		};
		E338B1D629D4B93A00B29466 /* Build configuration list for PBXNativeTarget "AppPruebaGrupoSalinas" */ = {
			isa = XCConfigurationList;
			buildConfigurations = (
				E338B1D729D4B93A00B29466 /* Debug */,
				E338B1D829D4B93A00B29466 /* Release */,
			);
			defaultConfigurationIsVisible = 0;
			defaultConfigurationName = Release;
		};
/* End XCConfigurationList section */
	};
	rootObject = E338B1BA29D4B93900B29466 /* Project object */;
}
